
Microsoft Visual Studio Solution File, Format Version 12.00
# Visual Studio Version 16
VisualStudioVersion = 16.0.28917.181
MinimumVisualStudioVersion = 10.0.40219.1
Project("{FAE04EC0-301F-11D3-BF4B-00C04F79EFBC}") = "Dominio", "Dominio\Dominio.csproj", "{52482A82-1A0D-4029-92FA-FF87A0750051}"
EndProject
Project("{FAE04EC0-301F-11D3-BF4B-00C04F79EFBC}") = "Repositorio", "Repositorio\Repositorio.csproj", "{5185729E-0768-4F5F-A03F-1DB0C4497FAE}"
EndProject
Project("{FAE04EC0-301F-11D3-BF4B-00C04F79EFBC}") = "Business", "Business\Business.csproj", "{2608C08B-4D51-4542-81F1-BD574F325532}"
EndProject
Project("{FAE04EC0-301F-11D3-BF4B-00C04F79EFBC}") = "Api", "Api\Api.csproj", "{789E593D-5BAF-4335-9411-A2714A69D639}"
EndProject
Project("{FAE04EC0-301F-11D3-BF4B-00C04F79EFBC}") = "WebApi", "WebApi\WebApi.csproj", "{4A68A353-EBFD-4037-90DD-0B5DCAD45526}"
EndProject
Global
	GlobalSection(SolutionConfigurationPlatforms) = preSolution
		Debug|Any CPU = Debug|Any CPU
		Release|Any CPU = Release|Any CPU
	EndGlobalSection
	GlobalSection(ProjectConfigurationPlatforms) = postSolution
		{52482A82-1A0D-4029-92FA-FF87A0750051}.Debug|Any CPU.ActiveCfg = Debug|Any CPU
		{52482A82-1A0D-4029-92FA-FF87A0750051}.Debug|Any CPU.Build.0 = Debug|Any CPU
		{52482A82-1A0D-4029-92FA-FF87A0750051}.Release|Any CPU.ActiveCfg = Release|Any CPU
		{52482A82-1A0D-4029-92FA-FF87A0750051}.Release|Any CPU.Build.0 = Release|Any CPU
		{5185729E-0768-4F5F-A03F-1DB0C4497FAE}.Debug|Any CPU.ActiveCfg = Debug|Any CPU
		{5185729E-0768-4F5F-A03F-1DB0C4497FAE}.Debug|Any CPU.Build.0 = Debug|Any CPU
		{5185729E-0768-4F5F-A03F-1DB0C4497FAE}.Release|Any CPU.ActiveCfg = Release|Any CPU
		{5185729E-0768-4F5F-A03F-1DB0C4497FAE}.Release|Any CPU.Build.0 = Release|Any CPU
		{2608C08B-4D51-4542-81F1-BD574F325532}.Debug|Any CPU.ActiveCfg = Debug|Any CPU
		{2608C08B-4D51-4542-81F1-BD574F325532}.Debug|Any CPU.Build.0 = Debug|Any CPU
		{2608C08B-4D51-4542-81F1-BD574F325532}.Release|Any CPU.ActiveCfg = Release|Any CPU
		{2608C08B-4D51-4542-81F1-BD574F325532}.Release|Any CPU.Build.0 = Release|Any CPU
		{789E593D-5BAF-4335-9411-A2714A69D639}.Debug|Any CPU.ActiveCfg = Debug|Any CPU
		{789E593D-5BAF-4335-9411-A2714A69D639}.Debug|Any CPU.Build.0 = Debug|Any CPU
		{789E593D-5BAF-4335-9411-A2714A69D639}.Release|Any CPU.ActiveCfg = Release|Any CPU
		{789E593D-5BAF-4335-9411-A2714A69D639}.Release|Any CPU.Build.0 = Release|Any CPU
		{4A68A353-EBFD-4037-90DD-0B5DCAD45526}.Debug|Any CPU.ActiveCfg = Debug|Any CPU
		{4A68A353-EBFD-4037-90DD-0B5DCAD45526}.Debug|Any CPU.Build.0 = Debug|Any CPU
		{4A68A353-EBFD-4037-90DD-0B5DCAD45526}.Release|Any CPU.ActiveCfg = Release|Any CPU
		{4A68A353-EBFD-4037-90DD-0B5DCAD45526}.Release|Any CPU.Build.0 = Release|Any CPU
	EndGlobalSection
	GlobalSection(SolutionProperties) = preSolution
		HideSolutionNode = FALSE
	EndGlobalSection
	GlobalSection(ExtensibilityGlobals) = postSolution
		SolutionGuid = {498AC8E5-2EBC-420A-B3C3-3AC80F9E4CB1}
	EndGlobalSection
EndGlobal
